
Microsoft Visual Studio Solution File, Format Version 12.00
# Visual Studio Version 17
VisualStudioVersion = 17.10.35122.118
MinimumVisualStudioVersion = 10.0.40219.1
Project("{54A90642-561A-4BB1-A94E-469ADEE60C69}") = "dg_ie_coding_challenge", "dg_ie_coding_challenge\dg_ie_coding_challenge.esproj", "{9A96D2F6-D922-410E-86EC-9E560C36825D}"
EndProject
Global
	GlobalSection(SolutionConfigurationPlatforms) = preSolution
		Debug|Any CPU = Debug|Any CPU
		Release|Any CPU = Release|Any CPU
	EndGlobalSection
	GlobalSection(ProjectConfigurationPlatforms) = postSolution
		{9A96D2F6-D922-410E-86EC-9E560C36825D}.Debug|Any CPU.ActiveCfg = Debug|Any CPU
		{9A96D2F6-D922-410E-86EC-9E560C36825D}.Debug|Any CPU.Build.0 = Debug|Any CPU
		{9A96D2F6-D922-410E-86EC-9E560C36825D}.Debug|Any CPU.Deploy.0 = Debug|Any CPU
		{9A96D2F6-D922-410E-86EC-9E560C36825D}.Release|Any CPU.ActiveCfg = Release|Any CPU
		{9A96D2F6-D922-410E-86EC-9E560C36825D}.Release|Any CPU.Build.0 = Release|Any CPU
		{9A96D2F6-D922-410E-86EC-9E560C36825D}.Release|Any CPU.Deploy.0 = Release|Any CPU
	EndGlobalSection
	GlobalSection(SolutionProperties) = preSolution
		HideSolutionNode = FALSE
	EndGlobalSection
	GlobalSection(ExtensibilityGlobals) = postSolution
		SolutionGuid = {8B2BF16D-47DA-490D-BB66-A9DEAB2FDCA4}
	EndGlobalSection
EndGlobal
